
Microsoft Visual Studio Solution File, Format Version 12.00
# Visual Studio Version 17
VisualStudioVersion = 17.11.35208.52
MinimumVisualStudioVersion = 10.0.40219.1
Project("{9A19103F-16F7-4668-BE54-9A1E7A4F7556}") = "AppTemplate", "AppTemplate\AppTemplate.csproj", "{A6EC7844-7B55-4C1B-B4FF-967B0EEE6E92}"
EndProject
Project("{9A19103F-16F7-4668-BE54-9A1E7A4F7556}") = "AppTemplateClient", "AppTemplate.Client\AppTemplateClient.csproj", "{67893E30-4493-4ACA-A2A2-1534FD2CB398}"
EndProject
Project("{9A19103F-16F7-4668-BE54-9A1E7A4F7556}") = "AppTemplateTests", "AppTemplate.Tests\AppTemplateTests.csproj", "{EA7EACE0-1F02-4D86-8786-76A18BBFC39A}"
EndProject
Global
	GlobalSection(SolutionConfigurationPlatforms) = preSolution
		Debug|Any CPU = Debug|Any CPU
		Release|Any CPU = Release|Any CPU
	EndGlobalSection
	GlobalSection(ProjectConfigurationPlatforms) = postSolution
		{A6EC7844-7B55-4C1B-B4FF-967B0EEE6E92}.Debug|Any CPU.ActiveCfg = Debug|Any CPU
		{A6EC7844-7B55-4C1B-B4FF-967B0EEE6E92}.Debug|Any CPU.Build.0 = Debug|Any CPU
		{A6EC7844-7B55-4C1B-B4FF-967B0EEE6E92}.Release|Any CPU.ActiveCfg = Release|Any CPU
		{A6EC7844-7B55-4C1B-B4FF-967B0EEE6E92}.Release|Any CPU.Build.0 = Release|Any CPU
		{67893E30-4493-4ACA-A2A2-1534FD2CB398}.Debug|Any CPU.ActiveCfg = Debug|Any CPU
		{67893E30-4493-4ACA-A2A2-1534FD2CB398}.Debug|Any CPU.Build.0 = Debug|Any CPU
		{67893E30-4493-4ACA-A2A2-1534FD2CB398}.Release|Any CPU.ActiveCfg = Release|Any CPU
		{67893E30-4493-4ACA-A2A2-1534FD2CB398}.Release|Any CPU.Build.0 = Release|Any CPU
		{EA7EACE0-1F02-4D86-8786-76A18BBFC39A}.Debug|Any CPU.ActiveCfg = Debug|Any CPU
		{EA7EACE0-1F02-4D86-8786-76A18BBFC39A}.Debug|Any CPU.Build.0 = Debug|Any CPU
		{EA7EACE0-1F02-4D86-8786-76A18BBFC39A}.Release|Any CPU.ActiveCfg = Release|Any CPU
		{EA7EACE0-1F02-4D86-8786-76A18BBFC39A}.Release|Any CPU.Build.0 = Release|Any CPU
	EndGlobalSection
	GlobalSection(SolutionProperties) = preSolution
		HideSolutionNode = FALSE
	EndGlobalSection
	GlobalSection(ExtensibilityGlobals) = postSolution
		SolutionGuid = {F6E512AE-117B-476D-896C-3251FB43823C}
	EndGlobalSection
EndGlobal
