{
  "name": "asp.net",
  "version": "0.0.0",
  "lockfileVersion": 1,
  "requires": true,
  "dependencies": {
    "bootstrap": {
      "version": "4.6.0",
      "resolved": "https://registry.npmjs.org/bootstrap/-/bootstrap-4.6.0.tgz",
      "integrity": "sha512-Io55IuQY3kydzHtbGvQya3H+KorS/M9rSNyfCGCg9WZ4pyT/lCxIlpJgG1GXW/PswzC84Tr2fBYi+7+jFVQQBw=="
    },
    "htmlrapier": {
      "version": "25.0.0-pre.3",
      "resolved": "https://registry.npmjs.org/htmlrapier/-/htmlrapier-25.0.0-pre.3.tgz",
      "integrity": "sha512-LFz5fzdo+69QeMjlWEeF1AdQSdbNRLBhufeQbxAdVUg0etGpOsf4npMivYyErgq1fl3SIWwxAJzrqDnI8IM6Zw==",
      "requires": {
        "tslib": ">=1.6.1"
      }
    },
    "htmlrapier.accesstoken": {
      "version": "2.0.0-pre.1",
      "resolved": "https://registry.npmjs.org/htmlrapier.accesstoken/-/htmlrapier.accesstoken-2.0.0-pre.1.tgz",
      "integrity": "sha512-8QVuRH/I0VwnUzPWsJpiEn8iAmarfbOlon06fjVZLJbG2KSNv3Bw8sYr1CFVBX2uBd0ULPBH9N7NXDHjbsJcRg==",
      "requires": {
        "htmlrapier": ">=25.0.0-pre.0"
      }
    },
    "htmlrapier.bootstrap": {
      "version": "9.0.0-pre.1",
      "resolved": "https://registry.npmjs.org/htmlrapier.bootstrap/-/htmlrapier.bootstrap-9.0.0-pre.1.tgz",
      "integrity": "sha512-vwgnu3V5PGZyC3/KzmLoMv1wOS0Yna52ou8J43of4voty600v8b+eIxl6GoCKz9Ag3nskuSkq2Wlfcs9vC9BVQ==",
      "requires": {
        "htmlrapier": ">=25.0.0-pre.0"
      }
    },
    "htmlrapier.bootstrap.datetime": {
      "version": "5.0.0-pre.1",
      "resolved": "https://registry.npmjs.org/htmlrapier.bootstrap.datetime/-/htmlrapier.bootstrap.datetime-5.0.0-pre.1.tgz",
      "integrity": "sha512-JNMhx5VjTKJClc09/L1miVZKOhjBzEx/wFmCrHcBbRswIW/DLqimcijoleKxkgTNmjeAAqLYNszlVklDiGpUBw==",
      "requires": {
        "bootstrap": ">=3.3.7",
        "htmlrapier": ">=25.0.0-pre.0",
        "htmlrapier.bootstrap": ">=9.0.0-pre.0",
        "moment": "^2.24.0",
        "moment-timezone": "^0.5.23"
      }
    },
    "htmlrapier.form.bootstrap4": {
      "version": "4.0.0-pre.1",
      "resolved": "https://registry.npmjs.org/htmlrapier.form.bootstrap4/-/htmlrapier.form.bootstrap4-4.0.0-pre.1.tgz",
      "integrity": "sha512-l6ObcDqvvC2Cnbr/UznNMYUa78KweJAT5tyN2yyQXycIW5nIbOXSI2T8j9Uaz5bU0mDu8V6ZUPfjZCNz+7ulfQ==",
      "requires": {
        "bootstrap": ">=4.1.0",
        "htmlrapier": ">=25.0.0-pre.0"
      }
    },
    "htmlrapier.halcyon": {
      "version": "10.0.0-pre.1",
      "resolved": "https://registry.npmjs.org/htmlrapier.halcyon/-/htmlrapier.halcyon-10.0.0-pre.1.tgz",
      "integrity": "sha512-eeW/CaX+Y/ARRdCIVEJwbp+KzHe2MP2SDIJ8sEipn2NdUjU/taFF3JETZmHUWYGmWVNh99rjDpw/HwtBF29Fgg==",
      "requires": {
        "htmlrapier": ">=25.0.0-pre.0"
      }
    },
    "htmlrapier.halcyon-explorer": {
      "version": "9.0.0-pre.1",
      "resolved": "https://registry.npmjs.org/htmlrapier.halcyon-explorer/-/htmlrapier.halcyon-explorer-9.0.0-pre.1.tgz",
      "integrity": "sha512-v37ntoAyN0OEr9QyoMMqnjy1gVu6rwJgOZVVG7kDVxIiKOQ6+4ciT6LIWynS+MfFHWb4oShfnCNHnjX3Dxw/Vw==",
      "requires": {
        "htmlrapier": ">=25.0.0-pre.0",
        "htmlrapier.halcyon": ">=10.0.0-pre.0"
      }
    },
    "htmlrapier.relogin": {
      "version": "5.0.0-pre.1",
      "resolved": "https://registry.npmjs.org/htmlrapier.relogin/-/htmlrapier.relogin-5.0.0-pre.1.tgz",
      "integrity": "sha512-5Mza2U02c/sgMrGQOnDzXQKVoLl3Vd1llcG6+1DtqmzZcqSUihln24Z0XjSV5+cvUUXaazlGNPhqqj2Wg3PawA==",
      "requires": {
        "htmlrapier": ">=25.0.0-pre.0",
        "htmlrapier.accesstoken": ">=2.0.0-pre.0"
      }
    },
    "htmlrapier.roleclient": {
      "version": "5.0.0-pre.1",
      "resolved": "https://registry.npmjs.org/htmlrapier.roleclient/-/htmlrapier.roleclient-5.0.0-pre.1.tgz",
      "integrity": "sha512-3FznXN3Fkcn/IDAvUhN5olQK7MvkdGW6cbLguTWSmdywO51trnwANXrmQU8GVfMnCDGYeunSY2e+EGakU/rvTw==",
      "requires": {
        "htmlrapier.halcyon": "^10.0.0-pre.0",
        "htmlrapier.widgets": "^16.0.0-pre.0"
      }
    },
    "htmlrapier.widgets": {
      "version": "16.0.0-pre.1",
      "resolved": "https://registry.npmjs.org/htmlrapier.widgets/-/htmlrapier.widgets-16.0.0-pre.1.tgz",
      "integrity": "sha512-kIM6dQFuSDK8s4y1JfVg/L99LengacFgLbtfWFVT2P3DNYOvyChmXG1p3lovyVw5TMRzvlXpoOUt5xXSKoyioQ==",
      "requires": {
        "htmlrapier": ">=25.0.0-pre.0",
        "htmlrapier.halcyon": ">=10.0.0-pre.0"
      }
    },
    "jquery": {
      "version": "3.6.0",
      "resolved": "https://registry.npmjs.org/jquery/-/jquery-3.6.0.tgz",
      "integrity": "sha512-JVzAR/AjBvVt2BmYhxRCSYysDsPcssdmTFnzyLEts9qNwmjmu4JTAMYubEfwVOSwpQ1I1sKKFcxhZCI2buerfw=="
    },
    "jsns": {
      "version": "5.1.0-pre.2",
      "resolved": "https://registry.npmjs.org/jsns/-/jsns-5.1.0-pre.2.tgz",
      "integrity": "sha512-m26mZNjE2Ab2UCPMUR980Ytf7V2DKIc2lDO6lsECMBc8ZFsWsbXrWPOWJAW7XDPA6ujadnSL3XMCZk2YHSYjiA=="
    },
    "moment": {
      "version": "2.29.1",
      "resolved": "https://registry.npmjs.org/moment/-/moment-2.29.1.tgz",
      "integrity": "sha512-kHmoybcPV8Sqy59DwNDY3Jefr64lK/by/da0ViFcuA4DH0vQg5Q6Ze5VimxkfQNSC+Mls/Kx53s7TjP1RhFEDQ=="
    },
    "moment-timezone": {
      "version": "0.5.33",
      "resolved": "https://registry.npmjs.org/moment-timezone/-/moment-timezone-0.5.33.tgz",
      "integrity": "sha512-PTc2vcT8K9J5/9rDEPe5czSIKgLoGsH8UNpA4qZTVw0Vd/Uz19geE9abbIOQKaAQFcnQ3v5YEXrbSc5BpshH+w==",
      "requires": {
        "moment": ">= 2.9.0"
      }
    },
    "threax.bootstrap4": {
      "version": "0.0.3",
      "resolved": "https://registry.npmjs.org/threax.bootstrap4/-/threax.bootstrap4-0.0.3.tgz",
      "integrity": "sha512-m0Sgak1rOIRzUdFAurVYTrmpXWsDDx7Y4SlOzwpwlDhgq1/Mp8nRVrhxJC0A7odXovrgy/FhiMNeYLMwiBMMhA==",
      "requires": {
        "bootstrap": ">=4.2.1"
      }
    },
    "tslib": {
      "version": "2.3.0",
      "resolved": "https://registry.npmjs.org/tslib/-/tslib-2.3.0.tgz",
      "integrity": "sha512-N82ooyxVNm6h1riLCoyS9e3fuJ3AMG2zIZs2Gd1ATcSFjSA23Q0fzjjZeh0jbJvWVDZ0cJT8yaNNaaXHzueNjg=="
    }
  }
}
