{
  "name": "asp.net",
  "version": "0.0.0",
  "lockfileVersion": 1,
  "requires": true,
  "dependencies": {
    "bootstrap": {
      "version": "4.6.0",
      "resolved": "https://registry.npmjs.org/bootstrap/-/bootstrap-4.6.0.tgz",
      "integrity": "sha512-Io55IuQY3kydzHtbGvQya3H+KorS/M9rSNyfCGCg9WZ4pyT/lCxIlpJgG1GXW/PswzC84Tr2fBYi+7+jFVQQBw=="
    },
    "htmlrapier": {
      "version": "25.0.0-pre.0",
      "resolved": "https://registry.npmjs.org/htmlrapier/-/htmlrapier-25.0.0-pre.0.tgz",
      "integrity": "sha512-0pC1JFrrXvyjEiUMt59Y+j4oNHXRhkfcDC25YvmrSC7LBq9w/w94fwdN4mZvKzsU+Z87038VBeTz6jNDKlpBrA==",
      "requires": {
        "tslib": ">=1.6.1"
      }
    },
    "htmlrapier.accesstoken": {
      "version": "2.0.0-pre.0",
      "resolved": "https://registry.npmjs.org/htmlrapier.accesstoken/-/htmlrapier.accesstoken-2.0.0-pre.0.tgz",
      "integrity": "sha512-vlgs+Eb1vrRWzUxwpn+ki3nwY0oZgGQq+bV43WFh8MBp1+NakUehRhOcJx3IY2xUueOXWc08DIibEVrNV7So8A==",
      "requires": {
        "htmlrapier": ">=25.0.0-pre.0"
      }
    },
    "htmlrapier.bootstrap": {
      "version": "9.0.0-pre.0",
      "resolved": "https://registry.npmjs.org/htmlrapier.bootstrap/-/htmlrapier.bootstrap-9.0.0-pre.0.tgz",
      "integrity": "sha512-8LD7HYYoHJKGRYFuaTcqsXQRXF0GMkD5c+LhdBHB5FkpUIEQaWSpLhCNZffS6/hphaUE8OPzHUII40fvT5rRaA==",
      "requires": {
        "htmlrapier": ">=25.0.0-pre.0"
      }
    },
    "htmlrapier.bootstrap.datetime": {
      "version": "5.0.0-pre.0",
      "resolved": "https://registry.npmjs.org/htmlrapier.bootstrap.datetime/-/htmlrapier.bootstrap.datetime-5.0.0-pre.0.tgz",
      "integrity": "sha512-LS8wU29qSjd/+qqGGCVASAXGPIrHCokl967gtq9scBsmB7fM1eL+m7WRUkGjHqQaq5fCTVIqbA3f36tCcI7I6A==",
      "requires": {
        "bootstrap": ">=3.3.7",
        "htmlrapier": ">=25.0.0-pre.0",
        "htmlrapier.bootstrap": ">=9.0.0-pre.0",
        "moment": "^2.24.0",
        "moment-timezone": "^0.5.23"
      }
    },
    "htmlrapier.form.bootstrap4": {
      "version": "4.0.0-pre.0",
      "resolved": "https://registry.npmjs.org/htmlrapier.form.bootstrap4/-/htmlrapier.form.bootstrap4-4.0.0-pre.0.tgz",
      "integrity": "sha512-cb0OsRqSiZtWFJKgyFTbWtHE+MX34RgyOrsO6gzDnvMU5ZV7K3Y3aVWAMPEijkwZUMuVIpJVPkQ5nTvdOrDqzQ==",
      "requires": {
        "bootstrap": ">=4.1.0",
        "htmlrapier": ">=25.0.0-pre.0"
      }
    },
    "htmlrapier.halcyon": {
      "version": "10.0.0-pre.0",
      "resolved": "https://registry.npmjs.org/htmlrapier.halcyon/-/htmlrapier.halcyon-10.0.0-pre.0.tgz",
      "integrity": "sha512-qtflCOw9TD2/EW3l+/MVbuykQAtoglss/yPWqyLL4APum+jAZaJfvMmn3t1nDgo/1aoNkawVwqPbMvdGY77HqA==",
      "requires": {
        "htmlrapier": ">=25.0.0-pre.0"
      }
    },
    "htmlrapier.halcyon-explorer": {
      "version": "9.0.0-pre.0",
      "resolved": "https://registry.npmjs.org/htmlrapier.halcyon-explorer/-/htmlrapier.halcyon-explorer-9.0.0-pre.0.tgz",
      "integrity": "sha512-MtslZ3IDKWeE/lrbKXpl1R12eAlAu9e2vnXGwZz4DlNtV939Yo17t8Mj00NnRSQ/8SRoAaBD+6F3uIwUYtw3qg==",
      "requires": {
        "htmlrapier": ">=25.0.0-pre.0",
        "htmlrapier.halcyon": ">=10.0.0-pre.0"
      }
    },
    "htmlrapier.relogin": {
      "version": "5.0.0-pre.0",
      "resolved": "https://registry.npmjs.org/htmlrapier.relogin/-/htmlrapier.relogin-5.0.0-pre.0.tgz",
      "integrity": "sha512-EWe6o5pNq1kYCQTwZYYfO7Iz0+Ho8hwLTT1KSe5aEA+I4NOeEp1krw7sT4NuA/ugZ/P9X777Nc8WPa/kb2FLdw==",
      "requires": {
        "htmlrapier": ">=25.0.0-pre.0",
        "htmlrapier.accesstoken": ">=2.0.0-pre.0"
      }
    },
    "htmlrapier.roleclient": {
      "version": "5.0.0-pre.0",
      "resolved": "https://registry.npmjs.org/htmlrapier.roleclient/-/htmlrapier.roleclient-5.0.0-pre.0.tgz",
      "integrity": "sha512-8+4TfPOO6nBNGHaoXAzoj5ANsx9vZcv5OQS51A171AO8EvX63+7g16F8pvwIQe+64mhvFJCjkU8o/Or7lUJNkA==",
      "requires": {
        "htmlrapier.halcyon": "^10.0.0-pre.0",
        "htmlrapier.widgets": "^16.0.0-pre.0"
      }
    },
    "htmlrapier.widgets": {
      "version": "16.0.0-pre.0",
      "resolved": "https://registry.npmjs.org/htmlrapier.widgets/-/htmlrapier.widgets-16.0.0-pre.0.tgz",
      "integrity": "sha512-H9BxH3fesOIFo9wYlwvdTGfSWVoHwRRyivni44/7A05lXPUMmmX7Rgnwt9KTcPpKU0DFh0jJiANv4GaFI8jUnw==",
      "requires": {
        "htmlrapier": ">=25.0.0-pre.0",
        "htmlrapier.halcyon": ">=10.0.0-pre.0"
      }
    },
    "jquery": {
      "version": "3.6.0",
      "resolved": "https://registry.npmjs.org/jquery/-/jquery-3.6.0.tgz",
      "integrity": "sha512-JVzAR/AjBvVt2BmYhxRCSYysDsPcssdmTFnzyLEts9qNwmjmu4JTAMYubEfwVOSwpQ1I1sKKFcxhZCI2buerfw=="
    },
    "jsns": {
      "version": "5.0.0",
      "resolved": "https://registry.npmjs.org/jsns/-/jsns-5.0.0.tgz",
      "integrity": "sha1-x2QpuCKmgQDu+NS40/EXKwKGZOQ="
    },
    "moment": {
      "version": "2.29.1",
      "resolved": "https://registry.npmjs.org/moment/-/moment-2.29.1.tgz",
      "integrity": "sha512-kHmoybcPV8Sqy59DwNDY3Jefr64lK/by/da0ViFcuA4DH0vQg5Q6Ze5VimxkfQNSC+Mls/Kx53s7TjP1RhFEDQ=="
    },
    "moment-timezone": {
      "version": "0.5.33",
      "resolved": "https://registry.npmjs.org/moment-timezone/-/moment-timezone-0.5.33.tgz",
      "integrity": "sha512-PTc2vcT8K9J5/9rDEPe5czSIKgLoGsH8UNpA4qZTVw0Vd/Uz19geE9abbIOQKaAQFcnQ3v5YEXrbSc5BpshH+w==",
      "requires": {
        "moment": ">= 2.9.0"
      }
    },
    "threax.bootstrap4": {
      "version": "0.0.3",
      "resolved": "https://registry.npmjs.org/threax.bootstrap4/-/threax.bootstrap4-0.0.3.tgz",
      "integrity": "sha512-m0Sgak1rOIRzUdFAurVYTrmpXWsDDx7Y4SlOzwpwlDhgq1/Mp8nRVrhxJC0A7odXovrgy/FhiMNeYLMwiBMMhA==",
      "requires": {
        "bootstrap": ">=4.2.1"
      }
    },
    "tslib": {
      "version": "2.3.0",
      "resolved": "https://registry.npmjs.org/tslib/-/tslib-2.3.0.tgz",
      "integrity": "sha512-N82ooyxVNm6h1riLCoyS9e3fuJ3AMG2zIZs2Gd1ATcSFjSA23Q0fzjjZeh0jbJvWVDZ0cJT8yaNNaaXHzueNjg=="
    }
  }
}
